Microsoft Visual Studio Solution File, Format Version 12.00
# Visual Studio Version 17
VisualStudioVersion = 17.5.2.0
MinimumVisualStudioVersion = 10.0.40219.1
Project("{FAE04EC0-301F-11D3-BF4B-00C04F79EFBC}") = "BitacoraEvidencias.Web", "BitacoraEvidencias.Web.csproj", "{89201802-980E-DFBA-B879-44649742E6FD}"
EndProject
Project("{FAE04EC0-301F-11D3-BF4B-00C04F79EFBC}") = "BitacoraEvidencias.Web.Tests", "tests\BitacoraEvidencias.Web.Tests\BitacoraEvidencias.Web.Tests.csproj", "{A89AEB1A-25DD-4F89-9A50-2CC7BDB6BFE8}"
EndProject
Global
	GlobalSection(SolutionConfigurationPlatforms) = preSolution
		Debug|Any CPU = Debug|Any CPU
		Release|Any CPU = Release|Any CPU
	EndGlobalSection
	GlobalSection(ProjectConfigurationPlatforms) = postSolution
		{89201802-980E-DFBA-B879-44649742E6FD}.Debug|Any CPU.ActiveCfg = Debug|Any CPU
		{89201802-980E-DFBA-B879-44649742E6FD}.Debug|Any CPU.Build.0 = Debug|Any CPU
		{89201802-980E-DFBA-B879-44649742E6FD}.Release|Any CPU.ActiveCfg = Release|Any CPU
		{89201802-980E-DFBA-B879-44649742E6FD}.Release|Any CPU.Build.0 = Release|Any CPU
		{A89AEB1A-25DD-4F89-9A50-2CC7BDB6BFE8}.Debug|Any CPU.ActiveCfg = Debug|Any CPU
		{A89AEB1A-25DD-4F89-9A50-2CC7BDB6BFE8}.Debug|Any CPU.Build.0 = Debug|Any CPU
		{A89AEB1A-25DD-4F89-9A50-2CC7BDB6BFE8}.Release|Any CPU.ActiveCfg = Release|Any CPU
		{A89AEB1A-25DD-4F89-9A50-2CC7BDB6BFE8}.Release|Any CPU.Build.0 = Release|Any CPU
	EndGlobalSection
	GlobalSection(SolutionProperties) = preSolution
		HideSolutionNode = FALSE
	EndGlobalSection
	GlobalSection(ExtensibilityGlobals) = postSolution
		SolutionGuid = {B84B6768-3CE7-4E95-BFD1-F9815D4A9B46}
	EndGlobalSection
EndGlobal
